{
  "name": "demo",
  "version": "0.0.1",
  "lockfileVersion": 3,
  "requires": true,
  "packages": {
    "": {
      "name": "demo",
      "version": "0.0.1",
      "dependencies": {
        "@open1s/ezbos": "^1.2.2"
      }
    },
    "node_modules/@open1s/ezbos": {
      "version": "1.2.2",
      "resolved": "https://registry.npmjs.org/@open1s/ezbos/-/ezbos-1.2.2.tgz",
      "integrity": "sha512-9rctBpL+jiTAAHOhc9QM4oLyhGTvMHqPLPtMrS9O26lvu3jvAWHw1EVm5eGBXXWA5RQGuQO0POb57eQA6FELaw==",
      "license": "MIT",
      "dependencies": {
        "@open1s/jsbos": "^2.2.9"
      }
    },
    "node_modules/@open1s/jsbos": {
      "version": "2.2.9",
      "resolved": "https://registry.npmjs.org/@open1s/jsbos/-/jsbos-2.2.9.tgz",
      "integrity": "sha512-xOgkfkwLhbGE+aKhjxmvAEzJ1seNtXl8nnWv47Iw+esdrZMSW3eHO3503teWepCoXGKVNC8ujnpBW9/FXKNmnQ==",
      "license": "MIT",
      "engines": {
        "node": ">= 12.22.0 < 13 || >= 14.17.0 < 15 || >= 15.12.0 < 16 || >= 16.0.0"
      },
      "optionalDependencies": {
        "@open1s/jsbos-darwin-arm64": "2.2.9",
        "@open1s/jsbos-linux-arm64-gnu": "2.2.9",
        "@open1s/jsbos-linux-x64-gnu": "2.2.9",
        "@open1s/jsbos-win32-arm64-msvc": "2.2.9",
        "@open1s/jsbos-win32-x64-msvc": "2.2.9"
      }
    },
    "node_modules/@open1s/jsbos-darwin-arm64": {
      "version": "2.2.9",
      "resolved": "https://registry.npmjs.org/@open1s/jsbos-darwin-arm64/-/jsbos-darwin-arm64-2.2.9.tgz",
      "integrity": "sha512-Z8ISWLKwTu6YJ17KtckR8n0b3/5n4Ffq/UJGx4lL6FeiisETudDn6hK06222s5Bf8L2ZgikShAc/n1eutQntpw==",
      "cpu": [
        "arm64"
      ],
      "license": "MIT",
      "optional": true,
      "os": [
        "darwin"
      ],
      "engines": {
        "node": ">= 12.22.0 < 13 || >= 14.17.0 < 15 || >= 15.12.0 < 16 || >= 16.0.0"
      }
    },
    "node_modules/@open1s/jsbos-linux-arm64-gnu": {
      "version": "2.2.9",
      "resolved": "https://registry.npmjs.org/@open1s/jsbos-linux-arm64-gnu/-/jsbos-linux-arm64-gnu-2.2.9.tgz",
      "integrity": "sha512-jBTNegc/A2w6UZW0y16/fWyKncVgBSr8qapv6yLzV4ACSYD/nIFzShx2rbyLWETXDetRZlYPL4QJt5w+QFlmng==",
      "cpu": [
        "arm64"
      ],
      "license": "MIT",
      "optional": true,
      "os": [
        "linux"
      ],
      "engines": {
        "node": ">= 12.22.0 < 13 || >= 14.17.0 < 15 || >= 15.12.0 < 16 || >= 16.0.0"
      }
    },
    "node_modules/@open1s/jsbos-linux-x64-gnu": {
      "version": "2.2.9",
      "resolved": "https://registry.npmjs.org/@open1s/jsbos-linux-x64-gnu/-/jsbos-linux-x64-gnu-2.2.9.tgz",
      "integrity": "sha512-RxcWGU9qyyGZvw7iqQOTmEyNgoc06eHiGZignWvrzjUvyqaJ2M9iGoFBDSIRiwQWYGMu4jlTO4vsajy9I60+7g==",
      "cpu": [
        "x64"
      ],
      "license": "MIT",
      "optional": true,
      "os": [
        "linux"
      ],
      "engines": {
        "node": ">= 12.22.0 < 13 || >= 14.17.0 < 15 || >= 15.12.0 < 16 || >= 16.0.0"
      }
    },
    "node_modules/@open1s/jsbos-win32-arm64-msvc": {
      "version": "2.2.9",
      "resolved": "https://registry.npmjs.org/@open1s/jsbos-win32-arm64-msvc/-/jsbos-win32-arm64-msvc-2.2.9.tgz",
      "integrity": "sha512-UtcUQSxqliXC0Iqcxl0PZYu1MvsXikDOwULBPO88soS8z1RrVZW3+zlkp3WzBlEgS2uaBfWOKGUMq2ZSqcst9w==",
      "cpu": [
        "arm64"
      ],
      "license": "MIT",
      "optional": true,
      "os": [
        "win32"
      ],
      "engines": {
        "node": ">= 12.22.0 < 13 || >= 14.17.0 < 15 || >= 15.12.0 < 16 || >= 16.0.0"
      }
    },
    "node_modules/@open1s/jsbos-win32-x64-msvc": {
      "version": "2.2.9",
      "resolved": "https://registry.npmjs.org/@open1s/jsbos-win32-x64-msvc/-/jsbos-win32-x64-msvc-2.2.9.tgz",
      "integrity": "sha512-9IOk3JC7hsnxPf+eO/302BUP1KPYKPONgOE7U1ujdlYpx5ELF8Rh/cNqFpH9PMGZ2yX7hIjy35t4A16g/36bBg==",
      "cpu": [
        "x64"
      ],
      "license": "MIT",
      "optional": true,
      "os": [
        "win32"
      ],
      "engines": {
        "node": ">= 12.22.0 < 13 || >= 14.17.0 < 15 || >= 15.12.0 < 16 || >= 16.0.0"
      }
    }
  }
}
