{
  "name": "demo",
  "version": "0.0.1",
  "lockfileVersion": 3,
  "requires": true,
  "packages": {
    "": {
      "name": "demo",
      "version": "0.0.1",
      "dependencies": {
        "@open1s/ezbos": "file:../.."
      }
    },
    "../..": {
      "name": "@open1s/ezbos",
      "version": "1.4.1",
      "license": "MIT",
      "dependencies": {
        "@open1s/jsbos": "^3.0.2"
      },
      "devDependencies": {
        "@modelcontextprotocol/sdk": "^1.30.0",
        "@types/node": "^26.1.2",
        "tsx": "4.23.7",
        "typescript": "^6.0.3",
        "zod": "^4.4.3"
      }
    },
    "node_modules/@open1s/ezbos": {
      "resolved": "../..",
      "link": true
    }
  }
}
